<?xml version="1.0" encoding="utf-8"?>
<Project ToolsVersion="4.0" xmlns="http://schemas.microsoft.com/developer/msbuild/2003">
  <ItemGroup>
    <Filter Include="Исходные файлы">
      <UniqueIdentifier>{4FC737F1-C7A5-4376-A066-2A32D752A2FF}</UniqueIdentifier>
      <Extensions>cpp;c;cc;cxx;c++;cppm;ixx;def;odl;idl;hpj;bat;asm;asmx</Extensions>
    </Filter>
    <Filter Include="Файлы заголовков">
      <UniqueIdentifier>{93995380-89BD-4b04-88EB-625FBE52EBFB}</UniqueIdentifier>
      <Extensions>h;hh;hpp;hxx;h++;hm;inl;inc;ipp;xsd</Extensions>
    </Filter>
    <Filter Include="Файлы ресурсов">
      <UniqueIdentifier>{67DA6AB6-F800-4c08-8B7A-83BB121AAD01}</UniqueIdentifier>
      <Extensions>rc;ico;cur;bmp;dlg;rc2;rct;bin;rgs;gif;jpg;jpeg;jpe;resx;tiff;tif;png;wav;mfcribbon-ms</Extensions>
    </Filter>
    <Filter Include="Файлы заголовков\Matrix">
      <UniqueIdentifier>{b04c3e76-9f08-46ea-99e1-53a3b13691cc}</UniqueIdentifier>
    </Filter>
    <Filter Include="Файлы заголовков\RNN">
      <UniqueIdentifier>{9b52b4c1-33a3-49dd-b8d4-116ed704a277}</UniqueIdentifier>
    </Filter>
  </ItemGroup>
  <ItemGroup>
    <ClInclude Include="FunctionsActivate.hpp">
      <Filter>Файлы заголовков\Matrix</Filter>
    </ClInclude>
    <ClInclude Include="RealizationMatrix.hpp">
      <Filter>Файлы заголовков\Matrix</Filter>
    </ClInclude>
    <ClInclude Include="HeaderBaseNN.h">
      <Filter>Файлы заголовков</Filter>
    </ClInclude>
    <ClInclude Include="HeaderBaseRNN.h">
      <Filter>Файлы заголовков</Filter>
    </ClInclude>
    <ClInclude Include="LSTM.h">
      <Filter>Файлы заголовков\RNN</Filter>
    </ClInclude>
  </ItemGroup>
</Project>